
Microsoft Visual Studio Solution File, Format Version 12.00
# Visual Studio Version 16
VisualStudioVersion = 16.0.30204.135
MinimumVisualStudioVersion = 10.0.40219.1
Project("{FAE04EC0-301F-11D3-BF4B-00C04F79EFBC}") = "Face_Detection", "Face_Detection\Face_Detection.csproj", "{6124DA9A-EC77-4BF0-9BA7-4D708B0C6157}"
EndProject
Global
	GlobalSection(SolutionConfigurationPlatforms) = preSolution
		Debug|Any CPU = Debug|Any CPU
		Release|Any CPU = Release|Any CPU
	EndGlobalSection
	GlobalSection(ProjectConfigurationPlatforms) = postSolution
		{6124DA9A-EC77-4BF0-9BA7-4D708B0C6157}.Debug|Any CPU.ActiveCfg = Debug|Any CPU
		{6124DA9A-EC77-4BF0-9BA7-4D708B0C6157}.Debug|Any CPU.Build.0 = Debug|Any CPU
		{6124DA9A-EC77-4BF0-9BA7-4D708B0C6157}.Release|Any CPU.ActiveCfg = Release|Any CPU
		{6124DA9A-EC77-4BF0-9BA7-4D708B0C6157}.Release|Any CPU.Build.0 = Release|Any CPU
	EndGlobalSection
	GlobalSection(SolutionProperties) = preSolution
		HideSolutionNode = FALSE
	EndGlobalSection
	GlobalSection(ExtensibilityGlobals) = postSolution
		SolutionGuid = {27116ED7-F437-4275-BB8F-F5CB5509C3C0}
	EndGlobalSection
EndGlobal
