
Microsoft Visual Studio Solution File, Format Version 12.00
# Visual Studio Version 16
VisualStudioVersion = 16.0.29806.167
MinimumVisualStudioVersion = 10.0.40219.1
Project("{FAE04EC0-301F-11D3-BF4B-00C04F79EFBC}") = "modulVisualCSharp-filkomYPTKP-sumijan-Feb2018", "modulVisualCSharp-filkomYPTKP-sumijan-Feb2018\modulVisualCSharp-filkomYPTKP-sumijan-Feb2018.csproj", "{A3E3A828-5193-4F00-9329-EBABD2F80614}"
EndProject
Project("{FAE04EC0-301F-11D3-BF4B-00C04F79EFBC}") = "bab2-membacaDataGambar-image2", "bab2-membacaDataGambar-image2\bab2-membacaDataGambar-image2.csproj", "{D99812A7-F6C7-4CFC-9899-D61A78569679}"
EndProject
Project("{FAE04EC0-301F-11D3-BF4B-00C04F79EFBC}") = "bab3-manipulasiRGB-image3", "bab3-manipulasiRGB-image3\bab3-manipulasiRGB-image3.csproj", "{C5D90B97-8725-49DB-A7DD-69F344C6FD7B}"
EndProject
Global
	GlobalSection(SolutionConfigurationPlatforms) = preSolution
		Debug|Any CPU = Debug|Any CPU
		Release|Any CPU = Release|Any CPU
	EndGlobalSection
	GlobalSection(ProjectConfigurationPlatforms) = postSolution
		{A3E3A828-5193-4F00-9329-EBABD2F80614}.Debug|Any CPU.ActiveCfg = Debug|Any CPU
		{A3E3A828-5193-4F00-9329-EBABD2F80614}.Debug|Any CPU.Build.0 = Debug|Any CPU
		{A3E3A828-5193-4F00-9329-EBABD2F80614}.Release|Any CPU.ActiveCfg = Release|Any CPU
		{A3E3A828-5193-4F00-9329-EBABD2F80614}.Release|Any CPU.Build.0 = Release|Any CPU
		{D99812A7-F6C7-4CFC-9899-D61A78569679}.Debug|Any CPU.ActiveCfg = Debug|Any CPU
		{D99812A7-F6C7-4CFC-9899-D61A78569679}.Debug|Any CPU.Build.0 = Debug|Any CPU
		{D99812A7-F6C7-4CFC-9899-D61A78569679}.Release|Any CPU.ActiveCfg = Release|Any CPU
		{D99812A7-F6C7-4CFC-9899-D61A78569679}.Release|Any CPU.Build.0 = Release|Any CPU
		{C5D90B97-8725-49DB-A7DD-69F344C6FD7B}.Debug|Any CPU.ActiveCfg = Debug|Any CPU
		{C5D90B97-8725-49DB-A7DD-69F344C6FD7B}.Debug|Any CPU.Build.0 = Debug|Any CPU
		{C5D90B97-8725-49DB-A7DD-69F344C6FD7B}.Release|Any CPU.ActiveCfg = Release|Any CPU
		{C5D90B97-8725-49DB-A7DD-69F344C6FD7B}.Release|Any CPU.Build.0 = Release|Any CPU
	EndGlobalSection
	GlobalSection(SolutionProperties) = preSolution
		HideSolutionNode = FALSE
	EndGlobalSection
	GlobalSection(ExtensibilityGlobals) = postSolution
		SolutionGuid = {9A7313FF-E5C8-400F-AE96-6ECCA640605B}
	EndGlobalSection
EndGlobal
